
Microsoft Visual Studio Solution File, Format Version 12.00
# Visual Studio Version 17
VisualStudioVersion = 17.3.32901.215
MinimumVisualStudioVersion = 10.0.40219.1
Project("{FAE04EC0-301F-11D3-BF4B-00C04F79EFBC}") = "CRUD .NET5", "CRUD .NET5\CRUD .NET5.csproj", "{BB953B35-BF7C-4FFA-8444-C9DC487C3538}"
EndProject
Global
	GlobalSection(SolutionConfigurationPlatforms) = preSolution
		Debug|Any CPU = Debug|Any CPU
		Release|Any CPU = Release|Any CPU
	EndGlobalSection
	GlobalSection(ProjectConfigurationPlatforms) = postSolution
		{BB953B35-BF7C-4FFA-8444-C9DC487C3538}.Debug|Any CPU.ActiveCfg = Debug|Any CPU
		{BB953B35-BF7C-4FFA-8444-C9DC487C3538}.Debug|Any CPU.Build.0 = Debug|Any CPU
		{BB953B35-BF7C-4FFA-8444-C9DC487C3538}.Release|Any CPU.ActiveCfg = Release|Any CPU
		{BB953B35-BF7C-4FFA-8444-C9DC487C3538}.Release|Any CPU.Build.0 = Release|Any CPU
	EndGlobalSection
	GlobalSection(SolutionProperties) = preSolution
		HideSolutionNode = FALSE
	EndGlobalSection
	GlobalSection(ExtensibilityGlobals) = postSolution
		SolutionGuid = {6AB16217-8DD2-45AE-BE49-2DC078F07FC1}
	EndGlobalSection
EndGlobal
